
Microsoft Visual Studio Solution File, Format Version 12.00
# Visual Studio Version 17
VisualStudioVersion = 17.4.33205.214
MinimumVisualStudioVersion = 10.0.40219.1
Project("{FAE04EC0-301F-11D3-BF4B-00C04F79EFBC}") = "CreateModel_Part3", "CreateModel_Part3\CreateModel_Part3.csproj", "{2D3D1BD7-2041-4FAE-9BA4-4EE9798EF435}"
EndProject
Global
	GlobalSection(SolutionConfigurationPlatforms) = preSolution
		Debug|Any CPU = Debug|Any CPU
		Release|Any CPU = Release|Any CPU
	EndGlobalSection
	GlobalSection(ProjectConfigurationPlatforms) = postSolution
		{2D3D1BD7-2041-4FAE-9BA4-4EE9798EF435}.Debug|Any CPU.ActiveCfg = Debug|Any CPU
		{2D3D1BD7-2041-4FAE-9BA4-4EE9798EF435}.Debug|Any CPU.Build.0 = Debug|Any CPU
		{2D3D1BD7-2041-4FAE-9BA4-4EE9798EF435}.Release|Any CPU.ActiveCfg = Release|Any CPU
		{2D3D1BD7-2041-4FAE-9BA4-4EE9798EF435}.Release|Any CPU.Build.0 = Release|Any CPU
	EndGlobalSection
	GlobalSection(SolutionProperties) = preSolution
		HideSolutionNode = FALSE
	EndGlobalSection
	GlobalSection(ExtensibilityGlobals) = postSolution
		SolutionGuid = {04B6C4C6-67BF-483D-9550-EE194505ADBE}
	EndGlobalSection
EndGlobal
